{
  "originHash" : "0226bc5b57bdc8c703e0c2be6f5aae21dea7a997a81654b5636f8d9c98f72a42",
  "pins" : [
    {
      "identity" : "wallet-core",
      "kind" : "remoteSourceControl",
      "location" : "https://github.com/trustwallet/wallet-core",
      "state" : {
        "revision" : "12f09abe496937576b44ae043d9f6fbcdd52ac11",
        "version" : "4.7.1"
      }
    }
  ],
  "version" : 3
}
